PODS:
  - CircleNavigation (1.4.7):
    - Masonry
    - pop
  - Masonry (1.0.2)
  - pop (1.0.9)

DEPENDENCIES:
  - CircleNavigation (from `../`)

EXTERNAL SOURCES:
  CircleNavigation:
    :path: "../"

SPEC CHECKSUMS:
  CircleNavigation: 25c794b089a9b1e5adefc7280b5024cc129cf104
  Masonry: 7c429b56da9d4ee0bbb3ed77a5ea710d6a5df39e
  pop: f667631a5108a2e60d9e8797c9b32ddaf2080bce

PODFILE CHECKSUM: d6481fa8cd492698a436ee060e81c13122f3a345

COCOAPODS: 1.1.1
